
Microsoft Visual Studio Solution File, Format Version 12.00
# Visual Studio Version 16
VisualStudioVersion = 16.0.29001.49
MinimumVisualStudioVersion = 10.0.40219.1
Project("{9A19103F-16F7-4668-BE54-9A1E7A4F7556}") = "GameOfLife", "GameOfLife\GameOfLife.csproj", "{37AC765E-52BD-4620-A503-BF3DBC7C279B}"
EndProject
Project("{9A19103F-16F7-4668-BE54-9A1E7A4F7556}") = "GameOfLife.Tests", "GameOfLife.Tests\GameOfLife.Tests.csproj", "{63F8CBCC-56F4-4E6F-9429-B91EC6C0B4D7}"
EndProject
Project("{9A19103F-16F7-4668-BE54-9A1E7A4F7556}") = "GameOfLife.Templates", "GameOfLife.Templates\GameOfLife.Templates.csproj", "{42312FE0-3ED5-463B-AE8D-BAB9AB0D260C}"
EndProject
Project("{FAE04EC0-301F-11D3-BF4B-00C04F79EFBC}") = "GameOfLife.Core", "GameOfLife.Core\GameOfLife.Core.csproj", "{5B15D788-9B3F-4681-80DE-E1A5FCBCD811}"
EndProject
Global
	GlobalSection(SolutionConfigurationPlatforms) = preSolution
		Debug|Any CPU = Debug|Any CPU
		Release|Any CPU = Release|Any CPU
	EndGlobalSection
	GlobalSection(ProjectConfigurationPlatforms) = postSolution
		{37AC765E-52BD-4620-A503-BF3DBC7C279B}.Debug|Any CPU.ActiveCfg = Debug|Any CPU
		{37AC765E-52BD-4620-A503-BF3DBC7C279B}.Debug|Any CPU.Build.0 = Debug|Any CPU
		{37AC765E-52BD-4620-A503-BF3DBC7C279B}.Release|Any CPU.ActiveCfg = Release|Any CPU
		{37AC765E-52BD-4620-A503-BF3DBC7C279B}.Release|Any CPU.Build.0 = Release|Any CPU
		{63F8CBCC-56F4-4E6F-9429-B91EC6C0B4D7}.Debug|Any CPU.ActiveCfg = Debug|Any CPU
		{63F8CBCC-56F4-4E6F-9429-B91EC6C0B4D7}.Debug|Any CPU.Build.0 = Debug|Any CPU
		{63F8CBCC-56F4-4E6F-9429-B91EC6C0B4D7}.Release|Any CPU.ActiveCfg = Release|Any CPU
		{63F8CBCC-56F4-4E6F-9429-B91EC6C0B4D7}.Release|Any CPU.Build.0 = Release|Any CPU
		{42312FE0-3ED5-463B-AE8D-BAB9AB0D260C}.Debug|Any CPU.ActiveCfg = Debug|Any CPU
		{42312FE0-3ED5-463B-AE8D-BAB9AB0D260C}.Debug|Any CPU.Build.0 = Debug|Any CPU
		{42312FE0-3ED5-463B-AE8D-BAB9AB0D260C}.Release|Any CPU.ActiveCfg = Release|Any CPU
		{42312FE0-3ED5-463B-AE8D-BAB9AB0D260C}.Release|Any CPU.Build.0 = Release|Any CPU
		{5B15D788-9B3F-4681-80DE-E1A5FCBCD811}.Debug|Any CPU.ActiveCfg = Debug|Any CPU
		{5B15D788-9B3F-4681-80DE-E1A5FCBCD811}.Debug|Any CPU.Build.0 = Debug|Any CPU
		{5B15D788-9B3F-4681-80DE-E1A5FCBCD811}.Release|Any CPU.ActiveCfg = Release|Any CPU
		{5B15D788-9B3F-4681-80DE-E1A5FCBCD811}.Release|Any CPU.Build.0 = Release|Any CPU
	EndGlobalSection
	GlobalSection(SolutionProperties) = preSolution
		HideSolutionNode = FALSE
	EndGlobalSection
	GlobalSection(ExtensibilityGlobals) = postSolution
		SolutionGuid = {4784B65D-9763-4E14-B00D-80C251A05DD4}
	EndGlobalSection
EndGlobal
